
Microsoft Visual Studio Solution File, Format Version 12.00
# Visual Studio Version 16
VisualStudioVersion = 16.0.30002.166
MinimumVisualStudioVersion = 10.0.40219.1
Project("{9A19103F-16F7-4668-BE54-9A1E7A4F7556}") = "EmailMarketing.Web", "EmailMarketing.Web\EmailMarketing.Web.csproj", "{C20788CF-A4AA-4091-9CF7-EE99966A4A16}"
EndProject
Project("{9A19103F-16F7-4668-BE54-9A1E7A4F7556}") = "EmailMarketing.Framework", "EmailMarketing.Framework\EmailMarketing.Framework.csproj", "{5895DFD6-D796-497E-ADFF-3CFC7B94E0E3}"
EndProject
Project("{9A19103F-16F7-4668-BE54-9A1E7A4F7556}") = "EmailMarketing.Data", "EmailMarketing.Data\EmailMarketing.Data.csproj", "{E9C8C632-5019-4168-BDD3-F41FB1A1B4C3}"
EndProject
Project("{9A19103F-16F7-4668-BE54-9A1E7A4F7556}") = "EmailMarketing.Membership", "EmailMarketing.Membership\EmailMarketing.Membership.csproj", "{8797B041-8413-430F-8979-94314E13402A}"
EndProject
Project("{9A19103F-16F7-4668-BE54-9A1E7A4F7556}") = "EmailMarketing.Common", "EmailMarketing.Common\EmailMarketing.Common.csproj", "{2F6A7ED0-3241-41B9-9760-8F47052C8AC6}"
EndProject
Project("{2150E333-8FDC-42A3-9474-1A3956D46DE8}") = "Tests", "Tests", "{264C8047-F6C5-48EB-A6B2-AD726B439803}"
EndProject
Project("{9A19103F-16F7-4668-BE54-9A1E7A4F7556}") = "EmailMarketing.Membership.Tests", "EmailMarketing.Membership.Tests\EmailMarketing.Membership.Tests.csproj", "{F24C308E-8259-4F86-8089-B567495AC100}"
EndProject
Project("{9A19103F-16F7-4668-BE54-9A1E7A4F7556}") = "EmailMarketing.Framework.Tests", "EmailMarketing.Framework.Tests\EmailMarketing.Framework.Tests.csproj", "{82C0491F-C379-4F0B-B91C-770A157AC6A9}"
EndProject
Project("{2150E333-8FDC-42A3-9474-1A3956D46DE8}") = "WorkerServices", "WorkerServices", "{5ABC1C06-BB99-4DEF-B641-F8BD710CE78C}"
EndProject
Project("{9A19103F-16F7-4668-BE54-9A1E7A4F7556}") = "EmailMarketing.ExcelWorkerService", "EmailMarketing.ExcelWorkerService\EmailMarketing.ExcelWorkerService.csproj", "{1B66EF63-C15C-49F8-95B6-A5E947ECDE6F}"
EndProject
Project("{9A19103F-16F7-4668-BE54-9A1E7A4F7556}") = "EmailMarketing.EmailSendingWorkerService", "EmailMarketing.EmailSendingWorkerService\EmailMarketing.EmailSendingWorkerService.csproj", "{1DDF76B3-1BC6-4849-A1BB-139B36AE8C13}"
EndProject
Global
	GlobalSection(SolutionConfigurationPlatforms) = preSolution
		Debug|Any CPU = Debug|Any CPU
		Release|Any CPU = Release|Any CPU
	EndGlobalSection
	GlobalSection(ProjectConfigurationPlatforms) = postSolution
		{C20788CF-A4AA-4091-9CF7-EE99966A4A16}.Debug|Any CPU.ActiveCfg = Debug|Any CPU
		{C20788CF-A4AA-4091-9CF7-EE99966A4A16}.Debug|Any CPU.Build.0 = Debug|Any CPU
		{C20788CF-A4AA-4091-9CF7-EE99966A4A16}.Release|Any CPU.ActiveCfg = Release|Any CPU
		{C20788CF-A4AA-4091-9CF7-EE99966A4A16}.Release|Any CPU.Build.0 = Release|Any CPU
		{5895DFD6-D796-497E-ADFF-3CFC7B94E0E3}.Debug|Any CPU.ActiveCfg = Debug|Any CPU
		{5895DFD6-D796-497E-ADFF-3CFC7B94E0E3}.Debug|Any CPU.Build.0 = Debug|Any CPU
		{5895DFD6-D796-497E-ADFF-3CFC7B94E0E3}.Release|Any CPU.ActiveCfg = Release|Any CPU
		{5895DFD6-D796-497E-ADFF-3CFC7B94E0E3}.Release|Any CPU.Build.0 = Release|Any CPU
		{E9C8C632-5019-4168-BDD3-F41FB1A1B4C3}.Debug|Any CPU.ActiveCfg = Debug|Any CPU
		{E9C8C632-5019-4168-BDD3-F41FB1A1B4C3}.Debug|Any CPU.Build.0 = Debug|Any CPU
		{E9C8C632-5019-4168-BDD3-F41FB1A1B4C3}.Release|Any CPU.ActiveCfg = Release|Any CPU
		{E9C8C632-5019-4168-BDD3-F41FB1A1B4C3}.Release|Any CPU.Build.0 = Release|Any CPU
		{8797B041-8413-430F-8979-94314E13402A}.Debug|Any CPU.ActiveCfg = Debug|Any CPU
		{8797B041-8413-430F-8979-94314E13402A}.Debug|Any CPU.Build.0 = Debug|Any CPU
		{8797B041-8413-430F-8979-94314E13402A}.Release|Any CPU.ActiveCfg = Release|Any CPU
		{8797B041-8413-430F-8979-94314E13402A}.Release|Any CPU.Build.0 = Release|Any CPU
		{2F6A7ED0-3241-41B9-9760-8F47052C8AC6}.Debug|Any CPU.ActiveCfg = Debug|Any CPU
		{2F6A7ED0-3241-41B9-9760-8F47052C8AC6}.Debug|Any CPU.Build.0 = Debug|Any CPU
		{2F6A7ED0-3241-41B9-9760-8F47052C8AC6}.Release|Any CPU.ActiveCfg = Release|Any CPU
		{2F6A7ED0-3241-41B9-9760-8F47052C8AC6}.Release|Any CPU.Build.0 = Release|Any CPU
		{F24C308E-8259-4F86-8089-B567495AC100}.Debug|Any CPU.ActiveCfg = Debug|Any CPU
		{F24C308E-8259-4F86-8089-B567495AC100}.Debug|Any CPU.Build.0 = Debug|Any CPU
		{F24C308E-8259-4F86-8089-B567495AC100}.Release|Any CPU.ActiveCfg = Release|Any CPU
		{F24C308E-8259-4F86-8089-B567495AC100}.Release|Any CPU.Build.0 = Release|Any CPU
		{82C0491F-C379-4F0B-B91C-770A157AC6A9}.Debug|Any CPU.ActiveCfg = Debug|Any CPU
		{82C0491F-C379-4F0B-B91C-770A157AC6A9}.Debug|Any CPU.Build.0 = Debug|Any CPU
		{82C0491F-C379-4F0B-B91C-770A157AC6A9}.Release|Any CPU.ActiveCfg = Release|Any CPU
		{82C0491F-C379-4F0B-B91C-770A157AC6A9}.Release|Any CPU.Build.0 = Release|Any CPU
		{1B66EF63-C15C-49F8-95B6-A5E947ECDE6F}.Debug|Any CPU.ActiveCfg = Debug|Any CPU
		{1B66EF63-C15C-49F8-95B6-A5E947ECDE6F}.Debug|Any CPU.Build.0 = Debug|Any CPU
		{1B66EF63-C15C-49F8-95B6-A5E947ECDE6F}.Release|Any CPU.ActiveCfg = Release|Any CPU
		{1B66EF63-C15C-49F8-95B6-A5E947ECDE6F}.Release|Any CPU.Build.0 = Release|Any CPU
		{1DDF76B3-1BC6-4849-A1BB-139B36AE8C13}.Debug|Any CPU.ActiveCfg = Debug|Any CPU
		{1DDF76B3-1BC6-4849-A1BB-139B36AE8C13}.Debug|Any CPU.Build.0 = Debug|Any CPU
		{1DDF76B3-1BC6-4849-A1BB-139B36AE8C13}.Release|Any CPU.ActiveCfg = Release|Any CPU
		{1DDF76B3-1BC6-4849-A1BB-139B36AE8C13}.Release|Any CPU.Build.0 = Release|Any CPU
	EndGlobalSection
	GlobalSection(SolutionProperties) = preSolution
		HideSolutionNode = FALSE
	EndGlobalSection
	GlobalSection(NestedProjects) = preSolution
		{F24C308E-8259-4F86-8089-B567495AC100} = {264C8047-F6C5-48EB-A6B2-AD726B439803}
		{82C0491F-C379-4F0B-B91C-770A157AC6A9} = {264C8047-F6C5-48EB-A6B2-AD726B439803}
		{1B66EF63-C15C-49F8-95B6-A5E947ECDE6F} = {5ABC1C06-BB99-4DEF-B641-F8BD710CE78C}
		{1DDF76B3-1BC6-4849-A1BB-139B36AE8C13} = {5ABC1C06-BB99-4DEF-B641-F8BD710CE78C}
	EndGlobalSection
	GlobalSection(ExtensibilityGlobals) = postSolution
		SolutionGuid = {7DAD83B0-F7F4-4B4E-A9CF-91606D152347}
	EndGlobalSection
EndGlobal
